hash: 5d0b746887e65e70ad961240c408be3e4073db0a8ed0bd80d7a36f290fbcddf5
updated: 2019-12-28T11:27:41.20851964+08:00
imports:
- name: cloud.google.com/go
  version: 3b1ae45394a234c385be014e9a488f2bb6eef821
  subpackages:
  - compute/metadata
  - internal
  - storage
- name: github.com/beorn7/perks
  version: 3ac7bf7a47d159a033b107610db8a1b6575507a4
  subpackages:
  - quantile
- name: github.com/blang/semver
  version: 31b736133b98f26d5e078ec9eb591666edfd091f
- name: github.com/coreos/etcd
  version: 83347907774bf36cbb261c594a32fd7b0f5dd9f6
  subpackages:
  - alarm
  - auth
  - auth/authpb
  - client
  - clientv3
  - compactor
  - discovery
  - embed
  - error
  - etcdserver
  - etcdserver/api
  - etcdserver/api/v2http
  - etcdserver/api/v2http/httptypes
  - etcdserver/api/v3rpc
  - etcdserver/api/v3rpc/rpctypes
  - etcdserver/auth
  - etcdserver/etcdserverpb
  - etcdserver/membership
  - etcdserver/stats
  - integration
  - lease
  - lease/leasehttp
  - lease/leasepb
  - mvcc
  - mvcc/backend
  - mvcc/mvccpb
  - pkg/adt
  - pkg/contention
  - pkg/cors
  - pkg/crc
  - pkg/fileutil
  - pkg/httputil
  - pkg/idutil
  - pkg/ioutil
  - pkg/logutil
  - pkg/netutil
  - pkg/osutil
  - pkg/pathutil
  - pkg/pbutil
  - pkg/runtime
  - pkg/schedule
  - pkg/testutil
  - pkg/tlsutil
  - pkg/transport
  - pkg/types
  - pkg/wait
  - proxy/grpcproxy
  - proxy/grpcproxy/cache
  - raft
  - raft/raftpb
  - rafthttp
  - snap
  - snap/snappb
  - store
  - version
  - wal
  - wal/walpb
- name: github.com/coreos/go-oidc
  version: 5cf2aa52da8c574d3aa4458f471ad6ae2240fe6b
  subpackages:
  - http
  - jose
  - key
  - oauth2
  - oidc
- name: github.com/coreos/go-systemd
  version: 4484981625c1a6a2ecb40a390fcb6a9bcfee76e3
  subpackages:
  - daemon
  - dbus
  - journal
  - unit
  - util
- name: github.com/coreos/pkg
  version: fa29b1d70f0beaddd4c7021607cc3c3be8ce94b8
  subpackages:
  - capnslog
  - dlopen
  - health
  - httputil
  - timeutil
- name: github.com/davecgh/go-spew
  version: 5215b55f46b2b919f50a1df0eaa5886afe4e3b3d
  subpackages:
  - spew
- name: github.com/dgrijalva/jwt-go
  version: 01aeca54ebda6e0fbfafd0a524d234159c05ec20
- name: github.com/docker/cli
  version: df6e38b81a94c06ee1e3bd3fd3b17cd9b67c926b
  subpackages:
  - cli/compose/interpolation
  - cli/compose/loader
  - cli/compose/schema
  - cli/compose/template
  - cli/compose/types
  - opts
- name: github.com/docker/distribution
  version: 12acdf0a6c1e56d965ac6eb395d2bce687bf22fc
  subpackages:
  - configuration
  - context
  - digest
  - health
  - health/checks
  - manifest
  - manifest/manifestlist
  - manifest/schema1
  - manifest/schema2
  - notifications
  - reference
  - registry/api/errcode
  - registry/api/v2
  - registry/auth
  - registry/auth/htpasswd
  - registry/auth/token
  - registry/client
  - registry/client/auth
  - registry/client/transport
  - registry/handlers
  - registry/middleware/registry
  - registry/middleware/repository
  - registry/proxy
  - registry/proxy/scheduler
  - registry/storage
  - registry/storage/cache
  - registry/storage/cache/memory
  - registry/storage/cache/redis
  - registry/storage/driver
  - registry/storage/driver/azure
  - registry/storage/driver/base
  - registry/storage/driver/factory
  - registry/storage/driver/filesystem
  - registry/storage/driver/gcs
  - registry/storage/driver/inmemory
  - registry/storage/driver/middleware
  - registry/storage/driver/middleware/cloudfront
  - registry/storage/driver/s3-aws
  - registry/storage/driver/swift
  - uuid
  - version
- name: github.com/docker/docker
  version: 8e435b8279f2af3e0cebd73fa9e25ca1bb26004e
  subpackages:
  - api/types
  - api/types/blkiodev
  - api/types/container
  - api/types/filters
  - api/types/mount
  - api/types/network
  - api/types/registry
  - api/types/strslice
  - api/types/swarm
  - api/types/swarm/runtime
  - api/types/versions
  - pkg/urlutil
- name: github.com/docker/engine-api
  version: dea108d3aa0c67d7162a3fd8aa65f38a430019fd
  subpackages:
  - client
  - client/transport
  - client/transport/cancellable
  - types
  - types/blkiodev
  - types/container
  - types/filters
  - types/network
  - types/reference
  - types/registry
  - types/strslice
  - types/time
  - types/versions
- name: github.com/docker/go-connections
  version: f549a9393d05688dff0992ef3efd8bbe6c628aeb
  subpackages:
  - nat
  - sockets
  - tlsconfig
- name: github.com/docker/go-units
  version: 0bbddae09c5a5419a8c6dcdd7ff90da3d450393b
- name: github.com/docker/libcompose
  version: 57bd716502dcbe1799f026148016022b0f3b989c
  subpackages:
  - config
  - logger
  - lookup
  - project
  - project/events
  - project/options
  - utils
  - yaml
- name: github.com/docker/libtrust
  version: c54fbb67c1f1e68d7d6f8d2ad7c9360404616a41
- name: github.com/emicklei/go-restful
  version: 89ef8af493ab468a45a42bb0d89a06fccdd2fb22
  subpackages:
  - log
  - swagger
- name: github.com/evanphx/json-patch
  version: 465937c80b3c07a7c7ad20cc934898646a91c1de
- name: github.com/fatih/structs
  version: 878a968ab22548362a09bdb3322f98b00f470d46
- name: github.com/flynn/go-shlex
  version: 3f9db97f856818214da2e1057f8ad84803971cff
- name: github.com/fsnotify/fsnotify
  version: 4bf2d1fec78374803a39307bfb8d340688f4f28e
- name: github.com/fsouza/go-dockerclient
  version: bf97c77db7c945cbcdbf09d56c6f87a66f54537b
  subpackages:
  - external/github.com/Sirupsen/logrus
  - external/github.com/docker/docker/opts
  - external/github.com/docker/docker/pkg/archive
  - external/github.com/docker/docker/pkg/fileutils
  - external/github.com/docker/docker/pkg/homedir
  - external/github.com/docker/docker/pkg/idtools
  - external/github.com/docker/docker/pkg/ioutils
  - external/github.com/docker/docker/pkg/longpath
  - external/github.com/docker/docker/pkg/pools
  - external/github.com/docker/docker/pkg/promise
  - external/github.com/docker/docker/pkg/stdcopy
  - external/github.com/docker/docker/pkg/system
  - external/github.com/docker/go-units
  - external/github.com/hashicorp/go-cleanhttp
  - external/github.com/opencontainers/runc/libcontainer/user
  - external/golang.org/x/net/context
  - external/golang.org/x/sys/unix
- name: github.com/ghodss/yaml
  version: 73d445a93680fa1a78ae23a5839bad48f32ba1ee
- name: github.com/gogo/protobuf
  version: 382325bbbb4d1c850eec1f3ec92a1a16f502d68b
  subpackages:
  - proto
  - sortkeys
- name: github.com/golang/glog
  version: 335da9dda11408a34b64344f82e9c03779b71673
  repo: https://github.com/openshift/glog
- name: github.com/golang/groupcache
  version: 604ed5785183e59ae2789449d89e73f3a2a77987
  subpackages:
  - lru
- name: github.com/golang/protobuf
  version: 8616e8ee5e20a1704615e6c8d7afcdac06087a67
  subpackages:
  - jsonpb
  - proto
- name: github.com/google/cadvisor
  version: ef63d70156d509efbbacfc3e86ed120228fab914
  subpackages:
  - api
  - cache/memory
  - collector
  - container
  - container/common
  - container/docker
  - container/libcontainer
  - container/raw
  - container/rkt
  - container/systemd
  - devicemapper
  - events
  - fs
  - healthz
  - http
  - http/mux
  - info/v1
  - info/v2
  - machine
  - manager
  - manager/watcher
  - manager/watcher/raw
  - manager/watcher/rkt
  - metrics
  - pages
  - pages/static
  - storage
  - summary
  - utils
  - utils/cloudinfo
  - utils/cpuload
  - utils/cpuload/netlink
  - utils/docker
  - utils/oomparser
  - utils/sysfs
  - utils/sysinfo
  - utils/tail
  - validate
  - version
- name: github.com/google/gofuzz
  version: bbcb9da2d746f8bdbd6a936686a0a6067ada0ec5
- name: github.com/gorilla/context
  version: 215affda49addc4c8ef7e2534915df2c8c35c6cd
- name: github.com/gorilla/mux
  version: 8096f47503459bcc74d1f4c487b7e6e42e5746b5
- name: github.com/grpc-ecosystem/grpc-gateway
  version: f52d055dc48aec25854ed7d31862f78913cf17d1
  subpackages:
  - runtime
  - runtime/internal
  - utilities
- name: github.com/hashicorp/hcl
  version: 914dc3f8dd7c463188c73fc47e9ced82a6e421ca
  subpackages:
  - hcl/ast
  - hcl/parser
  - hcl/printer
  - hcl/scanner
  - hcl/strconv
  - hcl/token
  - json/parser
  - json/scanner
  - json/token
- name: github.com/imdario/mergo
  version: 367dccd03f18bf85378395651a9be25c129fb3bf
- name: github.com/inconshreveable/mousetrap
  version: 76626ae9c91c4f2a10f34cad8ce83ea42c93bb75
- name: github.com/joho/godotenv
  version: b09de681dcaff3eaeafcc62ee1f9f622a0c32b8b
- name: github.com/jonboulle/clockwork
  version: 3f831b65b61282ba6bece21b91beea2edc4c887a
- name: github.com/juju/ratelimit
  version: 77ed1c8a01217656d2080ad51981f6e99adaa177
- name: github.com/magiconair/properties
  version: a586bb8b7deaae2a0eb4c6c8b63a539425628137
- name: github.com/mattn/go-shellwords
  version: 51d68c780a0237241b0f3e9329e32e64cc1d01bd
- name: github.com/matttproud/golang_protobuf_extensions
  version: fc2b8d3a73c4867e51861bbdd5ae3c1f0869dd6a
  subpackages:
  - pbutil
- name: github.com/mitchellh/mapstructure
  version: 3536a929edddb9a5b34bd6861dc4a9647cb459fe
- name: github.com/novln/docker-parser
  version: 6030251119d652af8ead44ac7907444227b64d56
  subpackages:
  - distribution/digest
  - distribution/reference
  - docker
- name: github.com/opencontainers/go-digest
  version: e9a29da4f419356054dd9f43b5a1b2f403cefcbc
- name: github.com/opencontainers/image-spec
  version: 9ea04d1f37d7e09f509b0efc013211124f36b3d8
  subpackages:
  - specs-go
  - specs-go/v1
- name: github.com/openshift/origin
  version: b4e0954faa4a0d11d9c1a536b76ad4a8c0206b7c
  subpackages:
  - pkg/api
  - pkg/api/extension
  - pkg/api/latest
  - pkg/auth/api
  - pkg/auth/authenticator
  - pkg/auth/authenticator/request/x509request
  - pkg/authorization/api
  - pkg/build/api
  - pkg/build/api/install
  - pkg/build/api/v1
  - pkg/build/client
  - pkg/build/cmd
  - pkg/build/util
  - pkg/client
  - pkg/cmd/cli/config
  - pkg/cmd/util
  - pkg/deploy/api
  - pkg/deploy/api/install
  - pkg/deploy/api/v1
  - pkg/deploy/cmd
  - pkg/deploy/util
  - pkg/image/api
  - pkg/image/api/docker10
  - pkg/image/api/dockerpre012
  - pkg/image/api/install
  - pkg/image/api/v1
  - pkg/image/reference
  - pkg/oauth/api
  - pkg/project/api
  - pkg/quota/api
  - pkg/quota/util
  - pkg/route/api
  - pkg/route/api/install
  - pkg/route/api/v1
  - pkg/sdn/api
  - pkg/security/api
  - pkg/template/api
  - pkg/user/api
  - pkg/util
  - pkg/util/namer
  - pkg/version
- name: github.com/pborman/uuid
  version: ca53cad383cad2479bbba7f7a1a05797ec1386e4
- name: github.com/pelletier/go-toml
  version: 6f6ca416216a6b6dfee682275111b8b6bb6f8d58
- name: github.com/pkg/errors
  version: 7f95ac13edff643b8ce5398b6ccab125f8a20c1a
- name: github.com/prometheus/client_golang
  version: e51041b3fa41cece0dca035740ba6411905be473
  subpackages:
  - prometheus
- name: github.com/prometheus/client_model
  version: fa8ad6fec33561be4280a8f0514318c79d7f6cb6
  subpackages:
  - go
- name: github.com/prometheus/common
  version: a6ab08426bb262e2d190097751f5cfd1cfdfd17d
  subpackages:
  - expfmt
  - internal/bitbucket.org/ww/goautoneg
  - model
- name: github.com/prometheus/procfs
  version: 454a56f35412459b5e684fd5ec0f9211b94f002a
- name: github.com/Sirupsen/logrus
  version: aaf92c95712104318fc35409745f1533aa5ff327
  subpackages:
  - formatters/logstash
- name: github.com/sirupsen/logrus
  version: f006c2ac4710855cf0f916dd6b77acf6b048dc6e
- name: github.com/spf13/afero
  version: 588a75ec4f32903aa5e39a2619ba6a4631e28424
  subpackages:
  - mem
- name: github.com/spf13/cast
  version: 8965335b8c7107321228e3e3702cab9832751bac
- name: github.com/spf13/cobra
  version: bf268956645942d536f2faef6d53f1951f9522a4
- name: github.com/spf13/jwalterweatherman
  version: 94f6ae3ed3bceceafa716478c5fbf8d29ca601a1
- name: github.com/spf13/pflag
  version: 2e9d26c8c37aae03e3f9d4e90b7116f5accb7cab
- name: github.com/spf13/viper
  version: eabbc68a3ecd5cf8c11a2f84dbda5e7a38493b2f
- name: github.com/subosito/gotenv
  version: de67a6614a4de71ad5e380b6946e56ab957d58c5
- name: github.com/ugorji/go
  version: f4485b318aadd133842532f841dc205a8e339d74
  subpackages:
  - codec
- name: github.com/xeipuuv/gojsonpointer
  version: 02993c407bfbf5f6dae44c4f4b1cf6a39b5fc5bb
- name: github.com/xeipuuv/gojsonreference
  version: bd5ef7bd5415a7ac448318e64f11a24cd21e594b
- name: github.com/xeipuuv/gojsonschema
  version: 93e72a773fade158921402d6a24c819b48aba29d
- name: golang.org/x/crypto
  version: 53104e6ec876ad4e22ad27cce588b01392043c1b
  subpackages:
  - ssh/terminal
- name: golang.org/x/net
  version: e90d6d0afc4c315a0d87a568ae68577cc15149a0
  subpackages:
  - context
  - context/ctxhttp
  - html
  - html/atom
  - http2
  - http2/hpack
  - idna
  - internal/timeseries
  - lex/httplex
  - proxy
  - trace
  - websocket
- name: golang.org/x/oauth2
  version: 3c3a985cb79f52a3190fbc056984415ca6763d01
  subpackages:
  - google
  - internal
  - jws
  - jwt
- name: golang.org/x/sys
  version: ebfc5b4631820b793c9010c87fd8fef0f39eb082
  subpackages:
  - unix
  - windows
- name: golang.org/x/text
  version: ceefd2213ed29504fff30155163c8f59827734f3
  subpackages:
  - cases
  - internal/tag
  - language
  - runes
  - secure/bidirule
  - secure/precis
  - transform
  - unicode/bidi
  - unicode/norm
  - width
- name: google.golang.org/appengine
  version: 12d5545dc1cfa6047a286d5e853841b6471f4c19
  subpackages:
  - internal
  - internal/app_identity
  - internal/base
  - internal/datastore
  - internal/log
  - internal/modules
  - internal/remote_api
  - internal/urlfetch
  - urlfetch
- name: google.golang.org/grpc
  version: b1a2821ca5a4fd6b6e48ddfbb7d6d7584d839d21
  subpackages:
  - codes
  - credentials
  - grpclog
  - internal
  - metadata
  - naming
  - peer
  - transport
- name: gopkg.in/inf.v0
  version: 3887ee99ecf07df5b447e9b00d9c0b2adaa9f3e4
- name: gopkg.in/ini.v1
  version: 94291fffe2b14f4632ec0e67c1bfecfc1287a168
- name: gopkg.in/yaml.v2
  version: 1f64d6156d11335c3f22d9330b0ad14fc1e789ce
- name: gopkg.in/yaml.v3
  version: 4206685974f28e3178b35fa198a59899aa4dee3a
- name: k8s.io/client-go
  version: d72c0e162789e1bbb33c33cfa26858a1375efe01
  subpackages:
  - 1.4/discovery
  - 1.4/dynamic
  - 1.4/kubernetes
  - 1.4/kubernetes/typed/apps/v1alpha1
  - 1.4/kubernetes/typed/authentication/v1beta1
  - 1.4/kubernetes/typed/authorization/v1beta1
  - 1.4/kubernetes/typed/autoscaling/v1
  - 1.4/kubernetes/typed/batch/v1
  - 1.4/kubernetes/typed/certificates/v1alpha1
  - 1.4/kubernetes/typed/core/v1
  - 1.4/kubernetes/typed/extensions/v1beta1
  - 1.4/kubernetes/typed/policy/v1alpha1
  - 1.4/kubernetes/typed/rbac/v1alpha1
  - 1.4/kubernetes/typed/storage/v1beta1
  - 1.4/pkg/api
  - 1.4/pkg/api/endpoints
  - 1.4/pkg/api/errors
  - 1.4/pkg/api/install
  - 1.4/pkg/api/meta
  - 1.4/pkg/api/meta/metatypes
  - 1.4/pkg/api/pod
  - 1.4/pkg/api/resource
  - 1.4/pkg/api/service
  - 1.4/pkg/api/unversioned
  - 1.4/pkg/api/unversioned/validation
  - 1.4/pkg/api/util
  - 1.4/pkg/api/v1
  - 1.4/pkg/api/validation
  - 1.4/pkg/apimachinery
  - 1.4/pkg/apimachinery/registered
  - 1.4/pkg/apis/apps
  - 1.4/pkg/apis/apps/install
  - 1.4/pkg/apis/apps/v1alpha1
  - 1.4/pkg/apis/authentication
  - 1.4/pkg/apis/authentication/install
  - 1.4/pkg/apis/authentication/v1beta1
  - 1.4/pkg/apis/authorization
  - 1.4/pkg/apis/authorization/install
  - 1.4/pkg/apis/authorization/v1beta1
  - 1.4/pkg/apis/autoscaling
  - 1.4/pkg/apis/autoscaling/install
  - 1.4/pkg/apis/autoscaling/v1
  - 1.4/pkg/apis/batch
  - 1.4/pkg/apis/batch/install
  - 1.4/pkg/apis/batch/v1
  - 1.4/pkg/apis/batch/v2alpha1
  - 1.4/pkg/apis/certificates
  - 1.4/pkg/apis/certificates/install
  - 1.4/pkg/apis/certificates/v1alpha1
  - 1.4/pkg/apis/componentconfig
  - 1.4/pkg/apis/componentconfig/install
  - 1.4/pkg/apis/componentconfig/v1alpha1
  - 1.4/pkg/apis/extensions
  - 1.4/pkg/apis/extensions/install
  - 1.4/pkg/apis/extensions/v1beta1
  - 1.4/pkg/apis/imagepolicy
  - 1.4/pkg/apis/imagepolicy/install
  - 1.4/pkg/apis/imagepolicy/v1alpha1
  - 1.4/pkg/apis/policy
  - 1.4/pkg/apis/policy/install
  - 1.4/pkg/apis/policy/v1alpha1
  - 1.4/pkg/apis/rbac
  - 1.4/pkg/apis/rbac/install
  - 1.4/pkg/apis/rbac/v1alpha1
  - 1.4/pkg/apis/storage
  - 1.4/pkg/apis/storage/install
  - 1.4/pkg/apis/storage/v1beta1
  - 1.4/pkg/auth/user
  - 1.4/pkg/capabilities
  - 1.4/pkg/conversion
  - 1.4/pkg/conversion/queryparams
  - 1.4/pkg/fields
  - 1.4/pkg/kubelet/qos
  - 1.4/pkg/kubelet/server/portforward
  - 1.4/pkg/kubelet/types
  - 1.4/pkg/labels
  - 1.4/pkg/master/ports
  - 1.4/pkg/runtime
  - 1.4/pkg/runtime/serializer
  - 1.4/pkg/runtime/serializer/json
  - 1.4/pkg/runtime/serializer/protobuf
  - 1.4/pkg/runtime/serializer/recognizer
  - 1.4/pkg/runtime/serializer/streaming
  - 1.4/pkg/runtime/serializer/versioning
  - 1.4/pkg/security/apparmor
  - 1.4/pkg/selection
  - 1.4/pkg/third_party/forked/golang/json
  - 1.4/pkg/third_party/forked/golang/reflect
  - 1.4/pkg/types
  - 1.4/pkg/util
  - 1.4/pkg/util/clock
  - 1.4/pkg/util/config
  - 1.4/pkg/util/crypto
  - 1.4/pkg/util/diff
  - 1.4/pkg/util/errors
  - 1.4/pkg/util/flowcontrol
  - 1.4/pkg/util/framer
  - 1.4/pkg/util/hash
  - 1.4/pkg/util/homedir
  - 1.4/pkg/util/httpstream
  - 1.4/pkg/util/integer
  - 1.4/pkg/util/intstr
  - 1.4/pkg/util/json
  - 1.4/pkg/util/labels
  - 1.4/pkg/util/net
  - 1.4/pkg/util/net/sets
  - 1.4/pkg/util/parsers
  - 1.4/pkg/util/rand
  - 1.4/pkg/util/runtime
  - 1.4/pkg/util/sets
  - 1.4/pkg/util/strategicpatch
  - 1.4/pkg/util/uuid
  - 1.4/pkg/util/validation
  - 1.4/pkg/util/validation/field
  - 1.4/pkg/util/wait
  - 1.4/pkg/util/yaml
  - 1.4/pkg/version
  - 1.4/pkg/watch
  - 1.4/pkg/watch/versioned
  - 1.4/rest
  - 1.4/tools/clientcmd/api
  - 1.4/tools/metrics
  - 1.4/transport
- name: k8s.io/kubernetes
  version: a9e9cf3b407c1d315686c452bdb918c719c3ea6e
  repo: https://github.com/openshift/kubernetes
  subpackages:
  - federation/apis/federation
  - federation/apis/federation/install
  - federation/apis/federation/v1beta1
  - federation/client/clientset_generated/federation_internalclientset
  - federation/client/clientset_generated/federation_internalclientset/typed/core/unversioned
  - federation/client/clientset_generated/federation_internalclientset/typed/extensions/unversioned
  - federation/client/clientset_generated/federation_internalclientset/typed/federation/unversioned
  - pkg/api
  - pkg/api/annotations
  - pkg/api/endpoints
  - pkg/api/errors
  - pkg/api/install
  - pkg/api/meta
  - pkg/api/meta/metatypes
  - pkg/api/pod
  - pkg/api/resource
  - pkg/api/rest
  - pkg/api/service
  - pkg/api/unversioned
  - pkg/api/unversioned/validation
  - pkg/api/util
  - pkg/api/v1
  - pkg/api/validation
  - pkg/apimachinery
  - pkg/apimachinery/registered
  - pkg/apis/apps
  - pkg/apis/apps/install
  - pkg/apis/apps/v1alpha1
  - pkg/apis/authentication
  - pkg/apis/authentication/install
  - pkg/apis/authentication/v1beta1
  - pkg/apis/authorization
  - pkg/apis/authorization/install
  - pkg/apis/authorization/v1beta1
  - pkg/apis/autoscaling
  - pkg/apis/autoscaling/install
  - pkg/apis/autoscaling/v1
  - pkg/apis/batch
  - pkg/apis/batch/install
  - pkg/apis/batch/v1
  - pkg/apis/batch/v2alpha1
  - pkg/apis/certificates
  - pkg/apis/certificates/install
  - pkg/apis/certificates/v1alpha1
  - pkg/apis/componentconfig
  - pkg/apis/componentconfig/install
  - pkg/apis/componentconfig/v1alpha1
  - pkg/apis/extensions
  - pkg/apis/extensions/install
  - pkg/apis/extensions/v1beta1
  - pkg/apis/extensions/validation
  - pkg/apis/policy
  - pkg/apis/policy/install
  - pkg/apis/policy/v1alpha1
  - pkg/apis/rbac
  - pkg/apis/rbac/install
  - pkg/apis/rbac/v1alpha1
  - pkg/apis/storage
  - pkg/apis/storage/install
  - pkg/apis/storage/util
  - pkg/apis/storage/v1beta1
  - pkg/auth/authenticator
  - pkg/auth/user
  - pkg/capabilities
  - pkg/client/cache
  - pkg/client/clientset_generated/internalclientset
  - pkg/client/clientset_generated/internalclientset/typed/authentication/unversioned
  - pkg/client/clientset_generated/internalclientset/typed/authorization/unversioned
  - pkg/client/clientset_generated/internalclientset/typed/autoscaling/unversioned
  - pkg/client/clientset_generated/internalclientset/typed/batch/unversioned
  - pkg/client/clientset_generated/internalclientset/typed/certificates/unversioned
  - pkg/client/clientset_generated/internalclientset/typed/core/unversioned
  - pkg/client/clientset_generated/internalclientset/typed/extensions/unversioned
  - pkg/client/clientset_generated/internalclientset/typed/rbac/unversioned
  - pkg/client/clientset_generated/internalclientset/typed/storage/unversioned
  - pkg/client/metrics
  - pkg/client/record
  - pkg/client/restclient
  - pkg/client/transport
  - pkg/client/typed/discovery
  - pkg/client/typed/dynamic
  - pkg/client/unversioned
  - pkg/client/unversioned/adapters/internalclientset
  - pkg/client/unversioned/auth
  - pkg/client/unversioned/clientcmd
  - pkg/client/unversioned/clientcmd/api
  - pkg/client/unversioned/clientcmd/api/latest
  - pkg/client/unversioned/clientcmd/api/v1
  - pkg/controller
  - pkg/controller/deployment/util
  - pkg/controller/framework
  - pkg/conversion
  - pkg/conversion/queryparams
  - pkg/credentialprovider
  - pkg/fieldpath
  - pkg/fields
  - pkg/kubectl
  - pkg/kubectl/cmd/util
  - pkg/kubectl/resource
  - pkg/kubelet/qos
  - pkg/kubelet/types
  - pkg/labels
  - pkg/master/ports
  - pkg/registry/generic
  - pkg/registry/thirdpartyresourcedata
  - pkg/runtime
  - pkg/runtime/serializer
  - pkg/runtime/serializer/json
  - pkg/runtime/serializer/protobuf
  - pkg/runtime/serializer/recognizer
  - pkg/runtime/serializer/streaming
  - pkg/runtime/serializer/versioning
  - pkg/security/apparmor
  - pkg/security/podsecuritypolicy/util
  - pkg/securitycontextconstraints/util
  - pkg/selection
  - pkg/serviceaccount
  - pkg/storage
  - pkg/storage/etcd
  - pkg/storage/etcd/metrics
  - pkg/storage/etcd/util
  - pkg/storage/etcd3
  - pkg/storage/storagebackend
  - pkg/storage/storagebackend/factory
  - pkg/types
  - pkg/util
  - pkg/util/cache
  - pkg/util/certificates
  - pkg/util/clock
  - pkg/util/config
  - pkg/util/crypto
  - pkg/util/diff
  - pkg/util/errors
  - pkg/util/exec
  - pkg/util/flag
  - pkg/util/flowcontrol
  - pkg/util/framer
  - pkg/util/hash
  - pkg/util/homedir
  - pkg/util/integer
  - pkg/util/intstr
  - pkg/util/json
  - pkg/util/jsonpath
  - pkg/util/labels
  - pkg/util/net
  - pkg/util/net/sets
  - pkg/util/parsers
  - pkg/util/pod
  - pkg/util/rand
  - pkg/util/replicaset
  - pkg/util/runtime
  - pkg/util/sets
  - pkg/util/slice
  - pkg/util/strategicpatch
  - pkg/util/uuid
  - pkg/util/validation
  - pkg/util/validation/field
  - pkg/util/wait
  - pkg/util/yaml
  - pkg/version
  - pkg/watch
  - pkg/watch/versioned
  - plugin/pkg/client/auth
  - plugin/pkg/client/auth/gcp
  - plugin/pkg/client/auth/oidc
  - third_party/forked/golang/json
  - third_party/forked/golang/netutil
  - third_party/forked/golang/reflect
  - third_party/forked/golang/template
testImports: []
